
Microsoft Visual Studio Solution File, Format Version 12.00
# Visual Studio Version 17
VisualStudioVersion = 17.9.34728.123
MinimumVisualStudioVersion = 10.0.40219.1
Project("{9A19103F-16F7-4668-BE54-9A1E7A4F7556}") = "yitangCalamity", "yitangCalamity.csproj", "{FD1D57AF-7F7F-4249-98E8-EB2C8CC5C349}"
EndProject
Global
	GlobalSection(SolutionConfigurationPlatforms) = preSolution
		Debug|Any CPU = Debug|Any CPU
		Release|Any CPU = Release|Any CPU
	EndGlobalSection
	GlobalSection(ProjectConfigurationPlatforms) = postSolution
		{FD1D57AF-7F7F-4249-98E8-EB2C8CC5C349}.Debug|Any CPU.ActiveCfg = Debug|Any CPU
		{FD1D57AF-7F7F-4249-98E8-EB2C8CC5C349}.Debug|Any CPU.Build.0 = Debug|Any CPU
		{FD1D57AF-7F7F-4249-98E8-EB2C8CC5C349}.Release|Any CPU.ActiveCfg = Release|Any CPU
		{FD1D57AF-7F7F-4249-98E8-EB2C8CC5C349}.Release|Any CPU.Build.0 = Release|Any CPU
	EndGlobalSection
	GlobalSection(SolutionProperties) = preSolution
		HideSolutionNode = FALSE
	EndGlobalSection
	GlobalSection(ExtensibilityGlobals) = postSolution
		SolutionGuid = {BCF359AA-E6B3-4080-A14A-E026163C133F}
	EndGlobalSection
EndGlobal
